
Microsoft Visual Studio Solution File, Format Version 12.00
# Visual Studio Version 17
VisualStudioVersion = 17.0.31903.59
MinimumVisualStudioVersion = 10.0.40219.1
Project("{FAE04EC0-301F-11D3-BF4B-00C04F79EFBC}") = "EfCore.UI", "EfCore.UI\EfCore.UI.csproj", "{32F837DD-5BF8-4046-9E94-03E72A0B7A05}"
EndProject
Project("{FAE04EC0-301F-11D3-BF4B-00C04F79EFBC}") = "EfCore.Business", "EfCore.Business\EfCore.Business.csproj", "{C28D27DD-687B-4958-819D-AF3F0D58FAEF}"
EndProject
Project("{FAE04EC0-301F-11D3-BF4B-00C04F79EFBC}") = "EfCore.Data", "EfCore.Data\EfCore.Data.csproj", "{7C4B13A8-3315-451B-AB86-C4B1563208C2}"
EndProject
Project("{FAE04EC0-301F-11D3-BF4B-00C04F79EFBC}") = "EfCore.Entity", "EfCore.Entity\EfCore.Entity.csproj", "{9D90EA50-DE9C-4C2F-9D65-F87711DEE2A0}"
EndProject
Project("{FAE04EC0-301F-11D3-BF4B-00C04F79EFBC}") = "EfCore.Shared", "EfCore.Shared\EfCore.Shared.csproj", "{110468F0-7D53-42FB-B5A0-A3D668A0BE34}"
EndProject
Global
	GlobalSection(SolutionConfigurationPlatforms) = preSolution
		Debug|Any CPU = Debug|Any CPU
		Release|Any CPU = Release|Any CPU
	EndGlobalSection
	GlobalSection(SolutionProperties) = preSolution
		HideSolutionNode = FALSE
	EndGlobalSection
	GlobalSection(ProjectConfigurationPlatforms) = postSolution
		{32F837DD-5BF8-4046-9E94-03E72A0B7A05}.Debug|Any CPU.ActiveCfg = Debug|Any CPU
		{32F837DD-5BF8-4046-9E94-03E72A0B7A05}.Debug|Any CPU.Build.0 = Debug|Any CPU
		{32F837DD-5BF8-4046-9E94-03E72A0B7A05}.Release|Any CPU.ActiveCfg = Release|Any CPU
		{32F837DD-5BF8-4046-9E94-03E72A0B7A05}.Release|Any CPU.Build.0 = Release|Any CPU
		{C28D27DD-687B-4958-819D-AF3F0D58FAEF}.Debug|Any CPU.ActiveCfg = Debug|Any CPU
		{C28D27DD-687B-4958-819D-AF3F0D58FAEF}.Debug|Any CPU.Build.0 = Debug|Any CPU
		{C28D27DD-687B-4958-819D-AF3F0D58FAEF}.Release|Any CPU.ActiveCfg = Release|Any CPU
		{C28D27DD-687B-4958-819D-AF3F0D58FAEF}.Release|Any CPU.Build.0 = Release|Any CPU
		{7C4B13A8-3315-451B-AB86-C4B1563208C2}.Debug|Any CPU.ActiveCfg = Debug|Any CPU
		{7C4B13A8-3315-451B-AB86-C4B1563208C2}.Debug|Any CPU.Build.0 = Debug|Any CPU
		{7C4B13A8-3315-451B-AB86-C4B1563208C2}.Release|Any CPU.ActiveCfg = Release|Any CPU
		{7C4B13A8-3315-451B-AB86-C4B1563208C2}.Release|Any CPU.Build.0 = Release|Any CPU
		{9D90EA50-DE9C-4C2F-9D65-F87711DEE2A0}.Debug|Any CPU.ActiveCfg = Debug|Any CPU
		{9D90EA50-DE9C-4C2F-9D65-F87711DEE2A0}.Debug|Any CPU.Build.0 = Debug|Any CPU
		{9D90EA50-DE9C-4C2F-9D65-F87711DEE2A0}.Release|Any CPU.ActiveCfg = Release|Any CPU
		{9D90EA50-DE9C-4C2F-9D65-F87711DEE2A0}.Release|Any CPU.Build.0 = Release|Any CPU
		{110468F0-7D53-42FB-B5A0-A3D668A0BE34}.Debug|Any CPU.ActiveCfg = Debug|Any CPU
		{110468F0-7D53-42FB-B5A0-A3D668A0BE34}.Debug|Any CPU.Build.0 = Debug|Any CPU
		{110468F0-7D53-42FB-B5A0-A3D668A0BE34}.Release|Any CPU.ActiveCfg = Release|Any CPU
		{110468F0-7D53-42FB-B5A0-A3D668A0BE34}.Release|Any CPU.Build.0 = Release|Any CPU
	EndGlobalSection
EndGlobal
