Microsoft Visual Studio Solution File, Format Version 12.00
# Visual Studio Version 17
VisualStudioVersion = 17.5.2.0
MinimumVisualStudioVersion = 10.0.40219.1
Project("{FAE04EC0-301F-11D3-BF4B-00C04F79EFBC}") = "EShop.MVC", "EShop.MVC.csproj", "{4C86E6D4-138D-A17F-2E85-606AC56F3834}"
EndProject
Global
	GlobalSection(SolutionConfigurationPlatforms) = preSolution
		Debug|Any CPU = Debug|Any CPU
		Release|Any CPU = Release|Any CPU
	EndGlobalSection
	GlobalSection(ProjectConfigurationPlatforms) = postSolution
		{4C86E6D4-138D-A17F-2E85-606AC56F3834}.Debug|Any CPU.ActiveCfg = Debug|Any CPU
		{4C86E6D4-138D-A17F-2E85-606AC56F3834}.Debug|Any CPU.Build.0 = Debug|Any CPU
		{4C86E6D4-138D-A17F-2E85-606AC56F3834}.Release|Any CPU.ActiveCfg = Release|Any CPU
		{4C86E6D4-138D-A17F-2E85-606AC56F3834}.Release|Any CPU.Build.0 = Release|Any CPU
	EndGlobalSection
	GlobalSection(SolutionProperties) = preSolution
		HideSolutionNode = FALSE
	EndGlobalSection
	GlobalSection(ExtensibilityGlobals) = postSolution
		SolutionGuid = {E16C5744-F48A-41B2-B8E0-49B74F4BFE54}
	EndGlobalSection
EndGlobal
